<?xml version="1.0" encoding="utf-8"?>
<Project ToolsVersion="4.0" xmlns="http://schemas.microsoft.com/developer/msbuild/2003">
  <ItemGroup>
    <ClInclude Include="..\include\CommStructs.h" />
    <ClInclude Include="..\include\CommTypes.h" />
    <ClInclude Include="..\include\JNetCore.h" />
    <ClInclude Include="..\include\JNetDB.h" />
    <ClInclude Include="..\include\WinSocketAPI.h" />
    <ClInclude Include="MACRO.h">
      <Filter>PreCompile</Filter>
    </ClInclude>
    <ClInclude Include="..\include\Job.h">
      <Filter>Job</Filter>
    </ClInclude>
    <ClInclude Include="..\include\JobHandler.h">
      <Filter>Job</Filter>
    </ClInclude>
  </ItemGroup>
  <ItemGroup>
    <ClCompile Include="JNetSession.cpp" />
    <ClCompile Include="WinSocketAPI.cpp" />
    <ClCompile Include="JNetCore.cpp" />
    <ClCompile Include="JNetServer.cpp" />
    <ClCompile Include="JNetDB.cpp" />
    <ClCompile Include="JNetEncryption.cpp" />
    <ClCompile Include="JNetGroup.cpp" />
    <ClCompile Include="JNetClient.cpp" />
    <ClCompile Include="JNetOdbcServer.cpp" />
    <ClCompile Include="Job.cpp">
      <Filter>Job</Filter>
    </ClCompile>
    <ClCompile Include="JobHandler.cpp">
      <Filter>Job</Filter>
    </ClCompile>
  </ItemGroup>
  <ItemGroup>
    <Filter Include="PreCompile">
      <UniqueIdentifier>{120b9314-269f-4885-bd6f-3452c7dac5a5}</UniqueIdentifier>
    </Filter>
    <Filter Include="Utils">
      <UniqueIdentifier>{0ced0d88-9f5d-4867-a975-702b209e3bcb}</UniqueIdentifier>
    </Filter>
    <Filter Include="Thread">
      <UniqueIdentifier>{fa1229ed-4b78-4557-8249-e24c9584340e}</UniqueIdentifier>
    </Filter>
    <Filter Include="Job">
      <UniqueIdentifier>{57537d6c-5333-4521-b0c4-6cebcf4b921c}</UniqueIdentifier>
    </Filter>
  </ItemGroup>
</Project>